# THIS IS AN AUTOGENERATED FILE. DO NOT EDIT THIS FILE DIRECTLY.
# yarn lockfile v1


"@types/google-protobuf@3.7.2":
  version "3.7.2"
  resolved "https://registry.yarnpkg.com/@types/google-protobuf/-/google-protobuf-3.7.2.tgz#cd8a360c193ce4d672575a20a79f49ba036d38d2"
  integrity sha512-ifFemzjNchFBCtHS6bZNhSZCBu7tbtOe0e8qY0z2J4HtFXmPJjm6fXSaQsTG7yhShBEZtt2oP/bkwu5k+emlkQ==

google-protobuf@3.10.0:
  version "3.10.0"
  resolved "https://registry.yarnpkg.com/google-protobuf/-/google-protobuf-3.10.0.tgz#f36171128090615049f9b0e42252b1a10a4bc534"
  integrity sha512-d0cMO8TJ6xtB/WrVHCv5U81L2ulX+aCD58IljyAN6mHwdHHJ2jbcauX5glvivi3s3hx7EYEo7eUA9WftzamMnw==
